
Microsoft Visual Studio Solution File, Format Version 12.00
# Visual Studio Version 17
VisualStudioVersion = 17.6.33723.286
MinimumVisualStudioVersion = 10.0.40219.1
Project("{FAE04EC0-301F-11D3-BF4B-00C04F79EFBC}") = "snekwarselo", "snekwarselo\snekwarselo.csproj", "{FA8EB4DD-83DD-4F99-962C-91394FF0F20A}"
EndProject
Global
	GlobalSection(SolutionConfigurationPlatforms) = preSolution
		Debug|Any CPU = Debug|Any CPU
		Release|Any CPU = Release|Any CPU
	EndGlobalSection
	GlobalSection(ProjectConfigurationPlatforms) = postSolution
		{FA8EB4DD-83DD-4F99-962C-91394FF0F20A}.Debug|Any CPU.ActiveCfg = Debug|Any CPU
		{FA8EB4DD-83DD-4F99-962C-91394FF0F20A}.Debug|Any CPU.Build.0 = Debug|Any CPU
		{FA8EB4DD-83DD-4F99-962C-91394FF0F20A}.Release|Any CPU.ActiveCfg = Release|Any CPU
		{FA8EB4DD-83DD-4F99-962C-91394FF0F20A}.Release|Any CPU.Build.0 = Release|Any CPU
	EndGlobalSection
	GlobalSection(SolutionProperties) = preSolution
		HideSolutionNode = FALSE
	EndGlobalSection
	GlobalSection(ExtensibilityGlobals) = postSolution
		SolutionGuid = {EE7A698C-E657-4F0F-9BBE-504E26EBDECD}
	EndGlobalSection
EndGlobal
